# THIS IS AN AUTOGENERATED FILE. DO NOT EDIT THIS FILE DIRECTLY.
# yarn lockfile v1


"@babel/parser@^7.0.0":
  version "7.9.4"
  resolved "https://registry.yarnpkg.com/@babel/parser/-/parser-7.9.4.tgz#68a35e6b0319bbc014465be43828300113f2f2e8"
  integrity sha512-bC49otXX6N0/VYhgOMh4gnP26E9xnDZK3TmbNpxYzzz9BQLBosQwfyOe9/cXUU3txYhTzLCbcqd5c8y/OmCjHA==

"@types/color-name@^1.1.1":
  version "1.1.1"
  resolved "https://registry.yarnpkg.com/@types/color-name/-/color-name-1.1.1.tgz#1c1261bbeaa10a8055bbc5d8ab84b7b2afc846a0"
  integrity sha512-rr+OQyAjxze7GgWrSaJwydHStIhHq2lvY3BOC2Mj7KnzI7XK0Uw1TOOdI9lDoajEbSWLiYgoo4f1R51erQfhPQ==

"@types/node@^13.11.1":
  version "13.11.1"
  resolved "https://registry.yarnpkg.com/@types/node/-/node-13.11.1.tgz#49a2a83df9d26daacead30d0ccc8762b128d53c7"
  integrity sha512-eWQGP3qtxwL8FGneRrC5DwrJLGN4/dH1clNTuLfN81HCrxVtxRjygDTUoZJ5ASlDEeo0ppYFQjQIlXhtXpOn6g==

"@typescript-eslint/typescript-estree@^2.4.0":
  version "2.28.0"
  resolved "https://registry.yarnpkg.com/@typescript-eslint/typescript-estree/-/typescript-estree-2.28.0.tgz#d34949099ff81092c36dc275b6a1ea580729ba00"
  integrity sha512-HDr8MP9wfwkiuqzRVkuM3BeDrOC4cKbO5a6BymZBHUt5y/2pL0BXD6I/C/ceq2IZoHWhcASk+5/zo+dwgu9V8Q==
  dependencies:
    debug "^4.1.1"
    eslint-visitor-keys "^1.1.0"
    glob "^7.1.6"
    is-glob "^4.0.1"
    lodash "^4.17.15"
    semver "^6.3.0"
    tsutils "^3.17.1"

ansi-regex@^5.0.0:
  version "5.0.0"
  resolved "https://registry.yarnpkg.com/ansi-regex/-/ansi-regex-5.0.0.tgz#388539f55179bf39339c81af30a654d69f87cb75"
  integrity sha512-bY6fj56OUQ0hU1KjFNDQuJFezqKdrAyFdIevADiqrWHwSlbmBNMHp5ak2f40Pm8JTFyM2mqxkG6ngkHO11f/lg==

ansi-styles@^3.2.1:
  version "3.2.1"
  resolved "https://registry.yarnpkg.com/ansi-styles/-/ansi-styles-3.2.1.tgz#41fbb20243e50b12be0f04b8dedbf07520ce841d"
  integrity sha512-VT0ZI6kZRdTh8YyJw3SMbYm/u+NqfsAxEpWO0Pf9sq8/e94WxxOpPKx9FR1FlyCtOVDNOQ+8ntlqFxiRc+r5qA==
  dependencies:
    color-convert "^1.9.0"

ansi-styles@^4.1.0:
  version "4.2.1"
  resolved "https://registry.yarnpkg.com/ansi-styles/-/ansi-styles-4.2.1.tgz#90ae75c424d008d2624c5bf29ead3177ebfcf359"
  integrity sha512-9VGjrMsG1vePxcSweQsN20KY/c4zN0h9fLjqAbwbPfahM3t+NL+M9HC8xeXG2I8pX5NoamTGNuomEUFI7fcUjA==
  dependencies:
    "@types/color-name" "^1.1.1"
    color-convert "^2.0.1"

app-module-path@^2.2.0:
  version "2.2.0"
  resolved "https://registry.yarnpkg.com/app-module-path/-/app-module-path-2.2.0.tgz#641aa55dfb7d6a6f0a8141c4b9c0aa50b6c24dd5"
  integrity sha1-ZBqlXft9am8KgUHEucCqULbCTdU=

ast-module-types@^2.3.1, ast-module-types@^2.3.2, ast-module-types@^2.4.0, ast-module-types@^2.5.0, ast-module-types@^2.6.0:
  version "2.6.0"
  resolved "https://registry.yarnpkg.com/ast-module-types/-/ast-module-types-2.6.0.tgz#f9f367fd273bbe01e52f2c51b5f46b65801d5d7f"
  integrity sha512-zXSoVaMrf2R+r+ISid5/9a8SXm1LLdkhHzh6pSRhj9jklzruOOl1hva1YmFT33wAstg/f9ZndJAlq1BSrFLSGA==

balanced-match@^1.0.0:
  version "1.0.0"
  resolved "https://registry.yarnpkg.com/balanced-match/-/balanced-match-1.0.0.tgz#89b4d199ab2bee49de164ea02b89ce462d71b767"
  integrity sha1-ibTRmasr7kneFk6gK4nORi1xt2c=

big.js@^5.2.2:
  version "5.2.2"
  resolved "https://registry.yarnpkg.com/big.js/-/big.js-5.2.2.tgz#65f0af382f578bcdc742bd9c281e9cb2d7768328"
  integrity sha512-vyL2OymJxmarO8gxMr0mhChsO9QGwhynfuu4+MHTAW6czfq9humCB7rKpUjDd9YUiDPU4mzpyupFSvOClAwbmQ==

brace-expansion@^1.1.7:
  version "1.1.11"
  resolved "https://registry.yarnpkg.com/brace-expansion/-/brace-expansion-1.1.11.tgz#3c7fcbf529d87226f3d2f52b966ff5271eb441dd"
  integrity sha512-iCuPHDFgrHX7H2vEI/5xpz07zSHB00TpugqhmYtVmMO6518mCuRMoOYFldEBl0g187ufozdaHgWKcYFb61qGiA==
  dependencies:
    balanced-match "^1.0.0"
    concat-map "0.0.1"

braces@^3.0.1:
  version "3.0.2"
  resolved "https://registry.yarnpkg.com/braces/-/braces-3.0.2.tgz#3454e1a462ee8d599e236df336cd9ea4f8afe107"
  integrity sha512-b8um+L1RzM3WDSzvhm6gIz1yfTbBt6YTlcEKAvsmqCZZFw46z626lVj9j1yEPW33H5H+lBQpZMP1k8l+78Ha0A==
  dependencies:
    fill-range "^7.0.1"

chalk@^2.3.0, chalk@^2.4.2:
  version "2.4.2"
  resolved "https://registry.yarnpkg.com/chalk/-/chalk-2.4.2.tgz#cd42541677a54333cf541a49108c1432b44c9424"
  integrity sha512-Mti+f9lpJNcwF4tWV8/OrTTtF1gZi+f8FqlyAdouralcFWFQWF2+NgCHShjkCb+IFBLq9buZwE1xckQU4peSuQ==
  dependencies:
    ansi-styles "^3.2.1"
    escape-string-regexp "^1.0.5"
    supports-color "^5.3.0"

chalk@^3.0.0:
  version "3.0.0"
  resolved "https://registry.yarnpkg.com/chalk/-/chalk-3.0.0.tgz#3f73c2bf526591f574cc492c51e2456349f844e4"
  integrity sha512-4D3B6Wf41KOYRFdszmDqMCGq5VV/uMAB273JILmO+3jAlh8X4qDtdtgCR3fxtbLEMzSx22QdhnDcJvu2u1fVwg==
  dependencies:
    ansi-styles "^4.1.0"
    supports-color "^7.1.0"

cli-cursor@^3.1.0:
  version "3.1.0"
  resolved "https://registry.yarnpkg.com/cli-cursor/-/cli-cursor-3.1.0.tgz#264305a7ae490d1d03bf0c9ba7c925d1753af307"
  integrity sha512-I/zHAwsKf9FqGoXM4WWRACob9+SNukZTd94DWF57E4toouRulbCxcUh6RKUEOQlYTHJnzkPMySvPNaaSLNfLZw==
  dependencies:
    restore-cursor "^3.1.0"

cli-spinners@^2.2.0:
  version "2.3.0"
  resolved "https://registry.yarnpkg.com/cli-spinners/-/cli-spinners-2.3.0.tgz#0632239a4b5aa4c958610142c34bb7a651fc8df5"
  integrity sha512-Xs2Hf2nzrvJMFKimOR7YR0QwZ8fc0u98kdtwN1eNAZzNQgH3vK2pXzff6GJtKh7S5hoJ87ECiAiZFS2fb5Ii2w==

clone@^1.0.2:
  version "1.0.4"
  resolved "https://registry.yarnpkg.com/clone/-/clone-1.0.4.tgz#da309cc263df15994c688ca902179ca3c7cd7c7e"
  integrity sha1-2jCcwmPfFZlMaIypAheco8fNfH4=

color-convert@^1.9.0:
  version "1.9.3"
  resolved "https://registry.yarnpkg.com/color-convert/-/color-convert-1.9.3.tgz#bb71850690e1f136567de629d2d5471deda4c1e8"
  integrity sha512-QfAUtd+vFdAtFQcC8CCyYt1fYWxSqAiK2cSD6zDB8N3cpsEBAvRxp9zOGg6G/SHHJYAT88/az/IuDGALsNVbGg==
  dependencies:
    color-name "1.1.3"

color-convert@^2.0.1:
  version "2.0.1"
  resolved "https://registry.yarnpkg.com/color-convert/-/color-convert-2.0.1.tgz#72d3a68d598c9bdb3af2ad1e84f21d896abd4de3"
  integrity sha512-RRECPsj7iu/xb5oKYcsFHSppFNnsj/52OVTRKb4zP5onXwVF3zVmmToNcOfGC+CRDpfK/U584fMg38ZHCaElKQ==
  dependencies:
    color-name "~1.1.4"

color-name@1.1.3:
  version "1.1.3"
  resolved "https://registry.yarnpkg.com/color-name/-/color-name-1.1.3.tgz#a7d0558bd89c42f795dd42328f740831ca53bc25"
  integrity sha1-p9BVi9icQveV3UIyj3QIMcpTvCU=

color-name@~1.1.4:
  version "1.1.4"
  resolved "https://registry.yarnpkg.com/color-name/-/color-name-1.1.4.tgz#c2a09a87acbde69543de6f63fa3995c826c536a2"
  integrity sha512-dOy+3AuW3a2wNbZHIuMZpTcgjGuLU/uBL/ubcZF9OXbDo8ff4O8yVp5Bf0efS8uEoYo5q4Fx7dY9OgQGXgAsQA==

commander@^2.13.0, commander@^2.16.0, commander@^2.19.0, commander@^2.8.1:
  version "2.20.3"
  resolved "https://registry.yarnpkg.com/commander/-/commander-2.20.3.tgz#fd485e84c03eb4881c20722ba48035e8531aeb33"
  integrity sha512-GpVkmM8vF2vQUkj2LvZmD35JxeJOLCwJ9cUkugyk2nuhbv3+mJvpLYYt+0+USMxE+oj+ey/lJEnhZw75x/OMcQ==

commander@^4.0.1:
  version "4.1.1"
  resolved "https://registry.yarnpkg.com/commander/-/commander-4.1.1.tgz#9fd602bd936294e9e9ef46a3f4d6964044b18068"
  integrity sha512-NOKm8xhkzAjzFx8B2v5OAHT+u5pRQc2UCa2Vq9jYL/31o2wi9mxBA7LIFs3sV5VSC49z6pEhfbMULvShKj26WA==

commondir@^1.0.1:
  version "1.0.1"
  resolved "https://registry.yarnpkg.com/commondir/-/commondir-1.0.1.tgz#ddd800da0c66127393cca5950ea968a3aaf1253b"
  integrity sha1-3dgA2gxmEnOTzKWVDqloo6rxJTs=

concat-map@0.0.1:
  version "0.0.1"
  resolved "https://registry.yarnpkg.com/concat-map/-/concat-map-0.0.1.tgz#d8a96bd77fd68df7793a73036a3ba0d5405d477b"
  integrity sha1-2Klr13/Wjfd5OnMDajug1UBdR3s=

core-util-is@~1.0.0:
  version "1.0.2"
  resolved "https://registry.yarnpkg.com/core-util-is/-/core-util-is-1.0.2.tgz#b5fd54220aa2bc5ab57aab7140c940754503c1a7"
  integrity sha1-tf1UIgqivFq1eqtxQMlAdUUDwac=

debug@^4.0.0, debug@^4.0.1, debug@^4.1.0, debug@^4.1.1:
  version "4.1.1"
  resolved "https://registry.yarnpkg.com/debug/-/debug-4.1.1.tgz#3b72260255109c6b589cee050f1d516139664791"
  integrity sha512-pYAIzeRo8J6KPEaJ0VWOh5Pzkbw/RetuzehGM7QRRX5he4fPHx2rdKMB256ehJCkX+XRQm16eZLqLNS8RSZXZw==
  dependencies:
    ms "^2.1.1"

decomment@^0.9.2:
  version "0.9.2"
  resolved "https://registry.yarnpkg.com/decomment/-/decomment-0.9.2.tgz#4dffdfbe96a32b0fdf301f758b7f92f7fbe82ab4"
  integrity sha512-sblyUmOJZxiL7oJ2ogJS6jtl/67+CTOW87SrYE/96u3PhDYikYoLCdLzcnceToiQejOLlqNnLCkaxx/+nE/ehg==
  dependencies:
    esprima "4.0.1"

deep-extend@^0.6.0:
  version "0.6.0"
  resolved "https://registry.yarnpkg.com/deep-extend/-/deep-extend-0.6.0.tgz#c4fa7c95404a17a9c3e8ca7e1537312b736330ac"
  integrity sha512-LOHxIOaPYdHlJRtCQfDIVZtfw/ufM8+rVj649RIHzcm/vGwQRXFt6OPqIFWsm2XEMrNIEtWR64sY1LEKD2vAOA==

deep-is@~0.1.3:
  version "0.1.3"
  resolved "https://registry.yarnpkg.com/deep-is/-/deep-is-0.1.3.tgz#b369d6fb5dbc13eecf524f91b070feedc357cf34"
  integrity sha1-s2nW+128E+7PUk+RsHD+7cNXzzQ=

defaults@^1.0.3:
  version "1.0.3"
  resolved "https://registry.yarnpkg.com/defaults/-/defaults-1.0.3.tgz#c656051e9817d9ff08ed881477f3fe4019f3ef7d"
  integrity sha1-xlYFHpgX2f8I7YgUd/P+QBnz730=
  dependencies:
    clone "^1.0.2"

dependency-tree@^7.0.2:
  version "7.2.1"
  resolved "https://registry.yarnpkg.com/dependency-tree/-/dependency-tree-7.2.1.tgz#41c8f6feb54a2ae32475c0158e8d2c2696bb7f54"
  integrity sha512-nBxnjkqDW4LqAzBazy60V4lE0mAtIQ+oers/GIIvVvGYVdCD9+RNNd4G9jjstyz7ZFVg/j/OiYCvK5MjoVqA2w==
  dependencies:
    commander "^2.19.0"
    debug "^4.1.1"
    filing-cabinet "^2.5.1"
    precinct "^6.2.0"
    typescript "^3.7.5"

detective-amd@^3.0.0:
  version "3.0.0"
  resolved "https://registry.yarnpkg.com/detective-amd/-/detective-amd-3.0.0.tgz#40c8e21e229df8bca1ee2d4b952a7b67b01e2a5a"
  integrity sha512-kOpKHyabdSKF9kj7PqYHLeHPw+TJT8q2u48tZYMkIcas28el1CYeLEJ42Nm+563/Fq060T5WknfwDhdX9+kkBQ==
  dependencies:
    ast-module-types "^2.3.1"
    escodegen "^1.8.0"
    get-amd-module-type "^3.0.0"
    node-source-walk "^4.0.0"

detective-cjs@^3.1.1:
  version "3.1.1"
  resolved "https://registry.yarnpkg.com/detective-cjs/-/detective-cjs-3.1.1.tgz#18da3e39a002d2098a1123d45ce1de1b0d9045a0"
  integrity sha512-JQtNTBgFY6h8uT6pgph5QpV3IyxDv+z3qPk/FZRDT9TlFfm5dnRtpH39WtQEr1khqsUxVqXzKjZHpdoQvQbllg==
  dependencies:
    ast-module-types "^2.4.0"
    node-source-walk "^4.0.0"

detective-es6@^2.0.0, detective-es6@^2.1.0:
  version "2.1.0"
  resolved "https://registry.yarnpkg.com/detective-es6/-/detective-es6-2.1.0.tgz#7848feaec92279d82f7b3a98d8e1f5d93483a0f7"
  integrity sha512-QSHqKGOp/YBIfmIqKXaXeq2rlL+bp3bcIQMfZ+0PvKzRlELSOSZxKRvpxVcxlLuocQv4QnOfuWGniGrmPbz8MQ==
  dependencies:
    node-source-walk "^4.0.0"

detective-less@^1.0.2:
  version "1.0.2"
  resolved "https://registry.yarnpkg.com/detective-less/-/detective-less-1.0.2.tgz#a68af9ca5f69d74b7d0aa190218b211d83b4f7e3"
  integrity sha512-Rps1xDkEEBSq3kLdsdnHZL1x2S4NGDcbrjmd4q+PykK5aJwDdP5MBgrJw1Xo+kyUHuv3JEzPqxr+Dj9ryeDRTA==
  dependencies:
    debug "^4.0.0"
    gonzales-pe "^4.2.3"
    node-source-walk "^4.0.0"

detective-postcss@^3.0.0, detective-postcss@^3.0.1:
  version "3.0.1"
  resolved "https://registry.yarnpkg.com/detective-postcss/-/detective-postcss-3.0.1.tgz#511921951f66135e17d0ece2e7604c6e4966c9c6"
  integrity sha512-tfTS2GdpUal5NY0aCqI4dpEy8Xfr88AehYKB0iBIZvo8y2g3UsrcDnrp9PR2FbzoW7xD5Rip3NJW7eCSvtqdUw==
  dependencies:
    debug "^4.1.1"
    is-url "^1.2.4"
    postcss "^7.0.2"
    postcss-values-parser "^1.5.0"

detective-sass@^3.0.0, detective-sass@^3.0.1:
  version "3.0.1"
  resolved "https://registry.yarnpkg.com/detective-sass/-/detective-sass-3.0.1.tgz#496b819efd1f5c4dd3f0e19b43a8634bdd6927c4"
  integrity sha512-oSbrBozRjJ+QFF4WJFbjPQKeakoaY1GiR380NPqwdbWYd5wfl5cLWv0l6LsJVqrgWfFN1bjFqSeo32Nxza8Lbw==
  dependencies:
    debug "^4.1.1"
    gonzales-pe "^4.2.3"
    node-source-walk "^4.0.0"

detective-scss@^2.0.0, detective-scss@^2.0.1:
  version "2.0.1"
  resolved "https://registry.yarnpkg.com/detective-scss/-/detective-scss-2.0.1.tgz#06f8c21ae6dedad1fccc26d544892d968083eaf8"
  integrity sha512-VveyXW4WQE04s05KlJ8K0bG34jtHQVgTc9InspqoQxvnelj/rdgSAy7i2DXAazyQNFKlWSWbS+Ro2DWKFOKTPQ==
  dependencies:
    debug "^4.1.1"
    gonzales-pe "^4.2.3"
    node-source-walk "^4.0.0"

detective-stylus@^1.0.0:
  version "1.0.0"
  resolved "https://registry.yarnpkg.com/detective-stylus/-/detective-stylus-1.0.0.tgz#50aee7db8babb990381f010c63fabba5b58e54cd"
  integrity sha1-UK7n24uruZA4HwEMY/q7pbWOVM0=

detective-typescript@^5.1.1, detective-typescript@^5.7.0:
  version "5.7.0"
  resolved "https://registry.yarnpkg.com/detective-typescript/-/detective-typescript-5.7.0.tgz#513a000e08bcfa0b5656fc7e499a554659b9dda8"
  integrity sha512-4SQeACXWAjIOsd2kJykPL8gWC9nVA+z8w7KtAdtd/7BCpDfrpI2ZA7pdhsmHv/zxf3ofeqpYi72vCkZ65bAjtA==
  dependencies:
    "@typescript-eslint/typescript-estree" "^2.4.0"
    ast-module-types "^2.5.0"
    node-source-walk "^4.2.0"
    typescript "^3.6.4"

emojis-list@^3.0.0:
  version "3.0.0"
  resolved "https://registry.yarnpkg.com/emojis-list/-/emojis-list-3.0.0.tgz#5570662046ad29e2e916e71aae260abdff4f6a78"
  integrity sha512-/kyM18EfinwXZbno9FyUGeFh87KC8HRQBQGildHZbEuRyWFOmv1U10o9BBp8XVZDVNNuQKyIGIu5ZYAAXJ0V2Q==

enhanced-resolve@^4.0.0, enhanced-resolve@^4.1.0:
  version "4.1.1"
  resolved "https://registry.yarnpkg.com/enhanced-resolve/-/enhanced-resolve-4.1.1.tgz#2937e2b8066cd0fe7ce0990a98f0d71a35189f66"
  integrity sha512-98p2zE+rL7/g/DzMHMTF4zZlCgeVdJ7yr6xzEpJRYwFYrGi9ANdn5DnJURg6RpBkyk60XYDnWIv51VfIhfNGuA==
  dependencies:
    graceful-fs "^4.1.2"
    memory-fs "^0.5.0"
    tapable "^1.0.0"

errno@^0.1.3:
  version "0.1.7"
  resolved "https://registry.yarnpkg.com/errno/-/errno-0.1.7.tgz#4684d71779ad39af177e3f007996f7c67c852618"
  integrity sha512-MfrRBDWzIWifgq6tJj60gkAwtLNb6sQPlcFrSOflcP1aFmmruKQ2wRnze/8V6kgyz7H3FF8Npzv78mZ7XLLflg==
  dependencies:
    prr "~1.0.1"

escape-string-regexp@^1.0.5:
  version "1.0.5"
  resolved "https://registry.yarnpkg.com/escape-string-regexp/-/escape-string-regexp-1.0.5.tgz#1b61c0562190a8dff6ae3bb2cf0200ca130b86d4"
  integrity sha1-G2HAViGQqN/2rjuyzwIAyhMLhtQ=

escodegen@^1.8.0:
  version "1.14.1"
  resolved "https://registry.yarnpkg.com/escodegen/-/escodegen-1.14.1.tgz#ba01d0c8278b5e95a9a45350142026659027a457"
  integrity sha512-Bmt7NcRySdIfNPfU2ZoXDrrXsG9ZjvDxcAlMfDUgRBjLOWTuIACXPBFJH7Z+cLb40JeQco5toikyc9t9P8E9SQ==
  dependencies:
    esprima "^4.0.1"
    estraverse "^4.2.0"
    esutils "^2.0.2"
    optionator "^0.8.1"
  optionalDependencies:
    source-map "~0.6.1"

eslint-visitor-keys@^1.1.0:
  version "1.1.0"
  resolved "https://registry.yarnpkg.com/eslint-visitor-keys/-/eslint-visitor-keys-1.1.0.tgz#e2a82cea84ff246ad6fb57f9bde5b46621459ec2"
  integrity sha512-8y9YjtM1JBJU/A9Kc+SbaOV4y29sSWckBwMHa+FGtVj5gN/sbnKDf6xJUl+8g7FAij9LVaP8C24DUiH/f/2Z9A==

esprima@4.0.1, esprima@^4.0.0, esprima@^4.0.1:
  version "4.0.1"
  resolved "https://registry.yarnpkg.com/esprima/-/esprima-4.0.1.tgz#13b04cdb3e6c5d19df91ab6987a8695619b0aa71"
  integrity sha512-eGuFFw7Upda+g4p+QHvnW0RyTX/SVeJBDM/gCtMARO0cLuT2HcEKnTPvhjV6aGeqrCB/sbNop0Kszm0jsaWU4A==

estraverse@^4.2.0:
  version "4.3.0"
  resolved "https://registry.yarnpkg.com/estraverse/-/estraverse-4.3.0.tgz#398ad3f3c5a24948be7725e83d11a7de28cdbd1d"
  integrity sha512-39nnKffWz8xN1BU/2c79n9nB9HDzo0niYUqx6xyqUnyoAnQyyWpOTdZEeiCch8BBu515t4wp9ZmgVfVhn9EBpw==

esutils@^2.0.2:
  version "2.0.3"
  resolved "https://registry.yarnpkg.com/esutils/-/esutils-2.0.3.tgz#74d2eb4de0b8da1293711910d50775b9b710ef64"
  integrity sha512-kVscqXk4OCp68SZ0dkgEKVi6/8ij300KBWTJq32P/dYeWTSwK41WyTxalN1eRmA5Z9UU/LX9D7FWSmV9SAYx6g==

fast-levenshtein@~2.0.6:
  version "2.0.6"
  resolved "https://registry.yarnpkg.com/fast-levenshtein/-/fast-levenshtein-2.0.6.tgz#3d8a5c66883a16a30ca8643e851f19baa7797917"
  integrity sha1-PYpcZog6FqMMqGQ+hR8Zuqd5eRc=

file-exists-dazinatorfork@^1.0.2:
  version "1.0.2"
  resolved "https://registry.yarnpkg.com/file-exists-dazinatorfork/-/file-exists-dazinatorfork-1.0.2.tgz#cd8d0d85f63e39dc81eceb0b687c44a2cca95c47"
  integrity sha512-r70c72ln2YHzQINNfxDp02hAhbGkt1HffZ+Du8oetWDLjDtFja/Lm10lUaSh9e+wD+7VDvPee0b0C9SAy8pWZg==

filing-cabinet@^2.5.1:
  version "2.5.1"
  resolved "https://registry.yarnpkg.com/filing-cabinet/-/filing-cabinet-2.5.1.tgz#f920976d46310710595ed995f033a301570ef6ab"
  integrity sha512-GWOdObzou2L0HrJUk8MpJa01q0ZOwuTwTssM2+P+ABJWEGlVWd6ueEatANFdin94/3rdkVSdqpH14VqCNqp3RA==
  dependencies:
    app-module-path "^2.2.0"
    commander "^2.13.0"
    debug "^4.1.1"
    decomment "^0.9.2"
    enhanced-resolve "^4.1.0"
    is-relative-path "^1.0.2"
    module-definition "^3.0.0"
    module-lookup-amd "^6.1.0"
    resolve "^1.11.1"
    resolve-dependency-path "^2.0.0"
    sass-lookup "^3.0.0"
    stylus-lookup "^3.0.1"
    typescript "^3.0.3"

fill-range@^7.0.1:
  version "7.0.1"
  resolved "https://registry.yarnpkg.com/fill-range/-/fill-range-7.0.1.tgz#1919a6a7c75fe38b2c7c77e5198535da9acdda40"
  integrity sha512-qOo9F+dMUmC2Lcb4BbVvnKJxTPjCm+RRpe4gDuGrzkL7mEVl/djYSu2OdQ2Pa302N4oqkSg9ir6jaLWJ2USVpQ==
  dependencies:
    to-regex-range "^5.0.1"

find@^0.3.0:
  version "0.3.0"
  resolved "https://registry.yarnpkg.com/find/-/find-0.3.0.tgz#4082e8fc8d8320f1a382b5e4f521b9bc50775cb8"
  integrity sha512-iSd+O4OEYV/I36Zl8MdYJO0xD82wH528SaCieTVHhclgiYNe9y+yPKSwK+A7/WsmHL1EZ+pYUJBXWTL5qofksw==
  dependencies:
    traverse-chain "~0.1.0"

flatten@^1.0.2:
  version "1.0.3"
  resolved "https://registry.yarnpkg.com/flatten/-/flatten-1.0.3.tgz#c1283ac9f27b368abc1e36d1ff7b04501a30356b"
  integrity sha512-dVsPA/UwQ8+2uoFe5GHtiBMu48dWLTdsuEd7CKGlZlD78r1TTWBvDuFaFGKCo/ZfEr95Uk56vZoX86OsHkUeIg==

fs.realpath@^1.0.0:
  version "1.0.0"
  resolved "https://registry.yarnpkg.com/fs.realpath/-/fs.realpath-1.0.0.tgz#1504ad2523158caa40db4a2787cb01411994ea4f"
  integrity sha1-FQStJSMVjKpA20onh8sBQRmU6k8=

get-amd-module-type@^3.0.0:
  version "3.0.0"
  resolved "https://registry.yarnpkg.com/get-amd-module-type/-/get-amd-module-type-3.0.0.tgz#bb334662fa04427018c937774570de495845c288"
  integrity sha512-99Q7COuACPfVt18zH9N4VAMyb81S6TUgJm2NgV6ERtkh9VIkAaByZkW530wl3lLN5KTtSrK9jVLxYsoP5hQKsw==
  dependencies:
    ast-module-types "^2.3.2"
    node-source-walk "^4.0.0"

get-own-enumerable-property-symbols@^3.0.0:
  version "3.0.2"
  resolved "https://registry.yarnpkg.com/get-own-enumerable-property-symbols/-/get-own-enumerable-property-symbols-3.0.2.tgz#b5fde77f22cbe35f390b4e089922c50bce6ef664"
  integrity sha512-I0UBV/XOz1XkIJHEUDMZAbzCThU/H8DxmSfmdGcKPnVhu2VfFqr34jr9777IyaTYvxjedWhqVIilEDsCdP5G6g==

glob@^7.1.6:
  version "7.1.6"
  resolved "https://registry.yarnpkg.com/glob/-/glob-7.1.6.tgz#141f33b81a7c2492e125594307480c46679278a6"
  integrity sha512-LwaxwyZ72Lk7vZINtNNrywX0ZuLyStrdDtabefZKAY5ZGJhVtgdznluResxNmPitE0SAO+O26sWTHeKSI2wMBA==
  dependencies:
    fs.realpath "^1.0.0"
    inflight "^1.0.4"
    inherits "2"
    minimatch "^3.0.4"
    once "^1.3.0"
    path-is-absolute "^1.0.0"

gonzales-pe@^4.2.3:
  version "4.3.0"
  resolved "https://registry.yarnpkg.com/gonzales-pe/-/gonzales-pe-4.3.0.tgz#fe9dec5f3c557eead09ff868c65826be54d067b3"
  integrity sha512-otgSPpUmdWJ43VXyiNgEYE4luzHCL2pz4wQ0OnDluC6Eg4Ko3Vexy/SrSynglw/eR+OhkzmqFCZa/OFa/RgAOQ==
  dependencies:
    minimist "^1.2.5"

graceful-fs@^4.1.2:
  version "4.2.3"
  resolved "https://registry.yarnpkg.com/graceful-fs/-/graceful-fs-4.2.3.tgz#4a12ff1b60376ef09862c2093edd908328be8423"
  integrity sha512-a30VEBm4PEdx1dRB7MFK7BejejvCvBronbLjht+sHuGYj8PHs7M/5Z+rt5lw551vZ7yfTCj4Vuyy3mSJytDWRQ==

graphviz@0.0.9:
  version "0.0.9"
  resolved "https://registry.yarnpkg.com/graphviz/-/graphviz-0.0.9.tgz#0bbf1df588c6a92259282da35323622528c4bbc4"
  integrity sha512-SmoY2pOtcikmMCqCSy2NO1YsRfu9OO0wpTlOYW++giGjfX1a6gax/m1Fo8IdUd0/3H15cTOfR1SMKwohj4LKsg==
  dependencies:
    temp "~0.4.0"

has-flag@^3.0.0:
  version "3.0.0"
  resolved "https://registry.yarnpkg.com/has-flag/-/has-flag-3.0.0.tgz#b5d454dc2199ae225699f3467e5a07f3b955bafd"
  integrity sha1-tdRU3CGZriJWmfNGfloH87lVuv0=

has-flag@^4.0.0:
  version "4.0.0"
  resolved "https://registry.yarnpkg.com/has-flag/-/has-flag-4.0.0.tgz#944771fd9c81c81265c4d6941860da06bb59479b"
  integrity sha512-EykJT/Q1KjTWctppgIAgfSO0tKVuZUjhgMr17kqTumMl6Afv3EISleU7qZUzoXDFTAHTDC4NOoG/ZxU3EvlMPQ==

indexes-of@^1.0.1:
  version "1.0.1"
  resolved "https://registry.yarnpkg.com/indexes-of/-/indexes-of-1.0.1.tgz#f30f716c8e2bd346c7b67d3df3915566a7c05607"
  integrity sha1-8w9xbI4r00bHtn0985FVZqfAVgc=

inflight@^1.0.4:
  version "1.0.6"
  resolved "https://registry.yarnpkg.com/inflight/-/inflight-1.0.6.tgz#49bd6331d7d02d0c09bc910a1075ba8165b56df9"
  integrity sha1-Sb1jMdfQLQwJvJEKEHW6gWW1bfk=
  dependencies:
    once "^1.3.0"
    wrappy "1"

inherits@2, inherits@~2.0.3:
  version "2.0.4"
  resolved "https://registry.yarnpkg.com/inherits/-/inherits-2.0.4.tgz#0fa2c64f932917c3433a0ded55363aae37416b7c"
  integrity sha512-k/vGaX4/Yla3WzyMCvTQOXYeIHvqOKtnqBduzTHpzpQZzAskKMhZ2K+EnBiSM9zGSoIFeMpXKxa4dYeZIQqewQ==

ini@~1.3.0:
  version "1.3.5"
  resolved "https://registry.yarnpkg.com/ini/-/ini-1.3.5.tgz#eee25f56db1c9ec6085e0c22778083f596abf927"
  integrity sha512-RZY5huIKCMRWDUqZlEi72f/lmXKMvuszcMBduliQ3nnWbx9X/ZBQO7DijMEYS9EhHBb2qacRUMtC7svLwe0lcw==

is-extglob@^2.1.1:
  version "2.1.1"
  resolved "https://registry.yarnpkg.com/is-extglob/-/is-extglob-2.1.1.tgz#a88c02535791f02ed37c76a1b9ea9773c833f8c2"
  integrity sha1-qIwCU1eR8C7TfHahueqXc8gz+MI=

is-glob@^4.0.1:
  version "4.0.1"
  resolved "https://registry.yarnpkg.com/is-glob/-/is-glob-4.0.1.tgz#7567dbe9f2f5e2467bc77ab83c4a29482407a5dc"
  integrity sha512-5G0tKtBTFImOqDnLB2hG6Bp2qcKEFduo4tZu9MT/H6NQv/ghhy30o55ufafxJ/LdH79LLs2Kfrn85TLKyA7BUg==
  dependencies:
    is-extglob "^2.1.1"

is-interactive@^1.0.0:
  version "1.0.0"
  resolved "https://registry.yarnpkg.com/is-interactive/-/is-interactive-1.0.0.tgz#cea6e6ae5c870a7b0a0004070b7b587e0252912e"
  integrity sha512-2HvIEKRoqS62guEC+qBjpvRubdX910WCMuJTZ+I9yvqKU2/12eSL549HMwtabb4oupdj2sMP50k+XJfB/8JE6w==

is-number@^7.0.0:
  version "7.0.0"
  resolved "https://registry.yarnpkg.com/is-number/-/is-number-7.0.0.tgz#7535345b896734d5f80c4d06c50955527a14f12b"
  integrity sha512-41Cifkg6e8TylSpdtTpeLVMqvSBEVzTttHvERD741+pnZ8ANv0004MRL43QKPDlK9cGvNp6NZWZUBlbGXYxxng==

is-obj@^1.0.1:
  version "1.0.1"
  resolved "https://registry.yarnpkg.com/is-obj/-/is-obj-1.0.1.tgz#3e4729ac1f5fde025cd7d83a896dab9f4f67db0f"
  integrity sha1-PkcprB9f3gJc19g6iW2rn09n2w8=

is-regexp@^1.0.0:
  version "1.0.0"
  resolved "https://registry.yarnpkg.com/is-regexp/-/is-regexp-1.0.0.tgz#fd2d883545c46bac5a633e7b9a09e87fa2cb5069"
  integrity sha1-/S2INUXEa6xaYz57mgnof6LLUGk=

is-relative-path@^1.0.2:
  version "1.0.2"
  resolved "https://registry.yarnpkg.com/is-relative-path/-/is-relative-path-1.0.2.tgz#091b46a0d67c1ed0fe85f1f8cfdde006bb251d46"
  integrity sha1-CRtGoNZ8HtD+hfH4z93gBrslHUY=

is-url@^1.2.4:
  version "1.2.4"
  resolved "https://registry.yarnpkg.com/is-url/-/is-url-1.2.4.tgz#04a4df46d28c4cff3d73d01ff06abeb318a1aa52"
  integrity sha512-ITvGim8FhRiYe4IQ5uHSkj7pVaPDrCTkNd3yq3cV7iZAcJdHTUMPMEHcqSOy9xZ9qFenQCvi+2wjH9a1nXqHww==

isarray@~1.0.0:
  version "1.0.0"
  resolved "https://registry.yarnpkg.com/isarray/-/isarray-1.0.0.tgz#bb935d48582cba168c06834957a54a3e07124f11"
  integrity sha1-u5NdSFgsuhaMBoNJV6VKPgcSTxE=

json5@^1.0.1:
  version "1.0.1"
  resolved "https://registry.yarnpkg.com/json5/-/json5-1.0.1.tgz#779fb0018604fa854eacbf6252180d83543e3dbe"
  integrity sha512-aKS4WQjPenRxiQsC93MNfjx+nbF4PAdYzmd/1JIj8HYzqfbu86beTuNgXDzPknWk0n0uARlyewZo4s++ES36Ow==
  dependencies:
    minimist "^1.2.0"

levn@~0.3.0:
  version "0.3.0"
  resolved "https://registry.yarnpkg.com/levn/-/levn-0.3.0.tgz#3b09924edf9f083c0490fdd4c0bc4421e04764ee"
  integrity sha1-OwmSTt+fCDwEkP3UwLxEIeBHZO4=
  dependencies:
    prelude-ls "~1.1.2"
    type-check "~0.3.2"

loader-utils@^1.0.2:
  version "1.4.0"
  resolved "https://registry.yarnpkg.com/loader-utils/-/loader-utils-1.4.0.tgz#c579b5e34cb34b1a74edc6c1fb36bfa371d5a613"
  integrity sha512-qH0WSMBtn/oHuwjy/NucEgbx5dbxxnxup9s4PVXJUDHZBQY+s0NWA9rJf53RBnQZxfch7euUui7hpoAPvALZdA==
  dependencies:
    big.js "^5.2.2"
    emojis-list "^3.0.0"
    json5 "^1.0.1"

lodash@^4.17.15:
  version "4.17.15"
  resolved "https://registry.yarnpkg.com/lodash/-/lodash-4.17.15.tgz#b447f6670a0455bbfeedd11392eff330ea097548"
  integrity sha512-8xOcRHvCjnocdS5cpwXQXVzmmh5e5+saE2QGoeQmbKmRS6J3VQppPOIt0MnmE+4xlZoumy0GPG0D0MVIQbNA1A==

log-symbols@^3.0.0:
  version "3.0.0"
  resolved "https://registry.yarnpkg.com/log-symbols/-/log-symbols-3.0.0.tgz#f3a08516a5dea893336a7dee14d18a1cfdab77c4"
  integrity sha512-dSkNGuI7iG3mfvDzUuYZyvk5dD9ocYCYzNU6CYDE6+Xqd+gwme6Z00NS3dUh8mq/73HaEtT7m6W+yUPtU6BZnQ==
  dependencies:
    chalk "^2.4.2"

madge@^3.8.0:
  version "3.8.0"
  resolved "https://registry.yarnpkg.com/madge/-/madge-3.8.0.tgz#c76538c1a8accda297009a25ceb8b29b20c99b86"
  integrity sha512-bcX2QxiTwWvZrNM+XkmZY1SPl18C2HGaQGhroj3YzqSRxQ1ns7WXCYDyGCfZwp/uLibnNd6IOWrRLOkCS+lpAg==
  dependencies:
    chalk "^3.0.0"
    commander "^4.0.1"
    commondir "^1.0.1"
    debug "^4.0.1"
    dependency-tree "^7.0.2"
    detective-amd "^3.0.0"
    detective-cjs "^3.1.1"
    detective-es6 "^2.1.0"
    detective-less "^1.0.2"
    detective-postcss "^3.0.1"
    detective-sass "^3.0.1"
    detective-scss "^2.0.1"
    detective-stylus "^1.0.0"
    detective-typescript "^5.7.0"
    graphviz "0.0.9"
    ora "^4.0.2"
    pify "^4.0.0"
    pluralize "^8.0.0"
    pretty-ms "^5.0.0"
    rc "^1.2.7"
    walkdir "^0.4.1"

make-dir@^2.1.0:
  version "2.1.0"
  resolved "https://registry.yarnpkg.com/make-dir/-/make-dir-2.1.0.tgz#5f0310e18b8be898cc07009295a30ae41e91e6f5"
  integrity sha512-LS9X+dc8KLxXCb8dni79fLIIUA5VyZoyjSMCwTluaXA0o27cCK0bhXkpgw+sTXVpPy/lSO57ilRixqk0vDmtRA==
  dependencies:
    pify "^4.0.1"
    semver "^5.6.0"

memory-fs@^0.5.0:
  version "0.5.0"
  resolved "https://registry.yarnpkg.com/memory-fs/-/memory-fs-0.5.0.tgz#324c01288b88652966d161db77838720845a8e3c"
  integrity sha512-jA0rdU5KoQMC0e6ppoNRtpp6vjFq6+NY7r8hywnC7V+1Xj/MtHwGIbB1QaK/dunyjWteJzmkpd7ooeWg10T7GA==
  dependencies:
    errno "^0.1.3"
    readable-stream "^2.0.1"

micromatch@^4.0.0:
  version "4.0.2"
  resolved "https://registry.yarnpkg.com/micromatch/-/micromatch-4.0.2.tgz#4fcb0999bf9fbc2fcbdd212f6d629b9a56c39259"
  integrity sha512-y7FpHSbMUMoyPbYUSzO6PaZ6FyRnQOpHuKwbo1G+Knck95XVU4QAiKdGEnj5wwoS7PlOgthX/09u5iFJ+aYf5Q==
  dependencies:
    braces "^3.0.1"
    picomatch "^2.0.5"

mimic-fn@^2.1.0:
  version "2.1.0"
  resolved "https://registry.yarnpkg.com/mimic-fn/-/mimic-fn-2.1.0.tgz#7ed2c2ccccaf84d3ffcb7a69b57711fc2083401b"
  integrity sha512-OqbOk5oEQeAZ8WXWydlu9HJjz9WVdEIvamMCcXmuqUYjTknH/sqsWvhQ3vgwKFRR1HpjvNBKQ37nbJgYzGqGcg==

minimatch@^3.0.4:
  version "3.0.4"
  resolved "https://registry.yarnpkg.com/minimatch/-/minimatch-3.0.4.tgz#5166e286457f03306064be5497e8dbb0c3d32083"
  integrity sha512-yJHVQEhyqPLUTgt9B83PXu6W3rx4MvvHvSUvToogpwoGDOUQ+yDrR0HRot+yOCdCO7u4hX3pWft6kWBBcqh0UA==
  dependencies:
    brace-expansion "^1.1.7"

minimist@^1.2.0, minimist@^1.2.5:
  version "1.2.5"
  resolved "https://registry.yarnpkg.com/minimist/-/minimist-1.2.5.tgz#67d66014b66a6a8aaa0c083c5fd58df4e4e97602"
  integrity sha512-FM9nNUYrRBAELZQT3xeZQ7fmMOBg6nWNmJKTcgsJeaLstP/UODVpGsr5OhXhhXg6f+qtJ8uiZ+PUxkDWcgIXLw==

module-definition@^3.0.0, module-definition@^3.3.0:
  version "3.3.0"
  resolved "https://registry.yarnpkg.com/module-definition/-/module-definition-3.3.0.tgz#aae06d68c99c5f93841e59b8a4469b974956d4d4"
  integrity sha512-HTplA9xwDzH67XJFC1YvZMUElWJD28DV0dUq7lhTs+JKJamUOWA/CcYWSlhW5amJO66uWtY7XdltT+LfX0wIVg==
  dependencies:
    ast-module-types "^2.6.0"
    node-source-walk "^4.0.0"

module-lookup-amd@^6.1.0:
  version "6.2.0"
  resolved "https://registry.yarnpkg.com/module-lookup-amd/-/module-lookup-amd-6.2.0.tgz#70600008b3f26630fde9ef9ae6165ac69de6ecbb"
  integrity sha512-uxHCj5Pw9psZiC1znjU2qPsubt6haCSsN9m7xmIdoTciEgfxUkE1vhtDvjHPuOXEZrVJhjKgkmkP+w73rRuelQ==
  dependencies:
    commander "^2.8.1"
    debug "^4.1.0"
    file-exists-dazinatorfork "^1.0.2"
    find "^0.3.0"
    requirejs "^2.3.5"
    requirejs-config-file "^3.1.1"

ms@^2.1.1:
  version "2.1.2"
  resolved "https://registry.yarnpkg.com/ms/-/ms-2.1.2.tgz#d09d1f357b443f493382a8eb3ccd183872ae6009"
  integrity sha512-sGkPx+VjMtmA6MX27oA4FBFELFCZZ4S4XqeGOXCv68tT+jb3vk/RyaKWP0PTKyWtmLSM0b+adUTEvbs1PEaH2w==

mute-stream@0.0.8:
  version "0.0.8"
  resolved "https://registry.yarnpkg.com/mute-stream/-/mute-stream-0.0.8.tgz#1630c42b2251ff81e2a283de96a5497ea92e5e0d"
  integrity sha512-nnbWWOkoWyUsTjKrhgD0dcz22mdkSnpYqbEjIm2nhwhuxlSkpywJmBo8h0ZqJdkp73mb90SssHkN4rsRaBAfAA==

node-source-walk@^4.0.0, node-source-walk@^4.2.0:
  version "4.2.0"
  resolved "https://registry.yarnpkg.com/node-source-walk/-/node-source-walk-4.2.0.tgz#c2efe731ea8ba9c03c562aa0a9d984e54f27bc2c"
  integrity sha512-hPs/QMe6zS94f5+jG3kk9E7TNm4P2SulrKiLWMzKszBfNZvL/V6wseHlTd7IvfW0NZWqPtK3+9yYNr+3USGteA==
  dependencies:
    "@babel/parser" "^7.0.0"

once@^1.3.0:
  version "1.4.0"
  resolved "https://registry.yarnpkg.com/once/-/once-1.4.0.tgz#583b1aa775961d4b113ac17d9c50baef9dd76bd1"
  integrity sha1-WDsap3WWHUsROsF9nFC6753Xa9E=
  dependencies:
    wrappy "1"

onetime@^5.1.0:
  version "5.1.0"
  resolved "https://registry.yarnpkg.com/onetime/-/onetime-5.1.0.tgz#fff0f3c91617fe62bb50189636e99ac8a6df7be5"
  integrity sha512-5NcSkPHhwTVFIQN+TUqXoS5+dlElHXdpAWu9I0HP20YOtIi+aZ0Ct82jdlILDxjLEAWwvm+qj1m6aEtsDVmm6Q==
  dependencies:
    mimic-fn "^2.1.0"

optionator@^0.8.1:
  version "0.8.3"
  resolved "https://registry.yarnpkg.com/optionator/-/optionator-0.8.3.tgz#84fa1d036fe9d3c7e21d99884b601167ec8fb495"
  integrity sha512-+IW9pACdk3XWmmTXG8m3upGUJst5XRGzxMRjXzAuJ1XnIFNvfhjjIuYkDvysnPQ7qzqVzLt78BCruntqRhWQbA==
  dependencies:
    deep-is "~0.1.3"
    fast-levenshtein "~2.0.6"
    levn "~0.3.0"
    prelude-ls "~1.1.2"
    type-check "~0.3.2"
    word-wrap "~1.2.3"

ora@^4.0.2:
  version "4.0.3"
  resolved "https://registry.yarnpkg.com/ora/-/ora-4.0.3.tgz#752a1b7b4be4825546a7a3d59256fa523b6b6d05"
  integrity sha512-fnDebVFyz309A73cqCipVL1fBZewq4vwgSHfxh43vVy31mbyoQ8sCH3Oeaog/owYOs/lLlGVPCISQonTneg6Pg==
  dependencies:
    chalk "^3.0.0"
    cli-cursor "^3.1.0"
    cli-spinners "^2.2.0"
    is-interactive "^1.0.0"
    log-symbols "^3.0.0"
    mute-stream "0.0.8"
    strip-ansi "^6.0.0"
    wcwidth "^1.0.1"

parse-ms@^2.1.0:
  version "2.1.0"
  resolved "https://registry.yarnpkg.com/parse-ms/-/parse-ms-2.1.0.tgz#348565a753d4391fa524029956b172cb7753097d"
  integrity sha512-kHt7kzLoS9VBZfUsiKjv43mr91ea+U05EyKkEtqp7vNbHxmaVuEqN7XxeEVnGrMtYOAxGrDElSi96K7EgO1zCA==

path-is-absolute@^1.0.0:
  version "1.0.1"
  resolved "https://registry.yarnpkg.com/path-is-absolute/-/path-is-absolute-1.0.1.tgz#174b9268735534ffbc7ace6bf53a5a9e1b5c5f5f"
  integrity sha1-F0uSaHNVNP+8es5r9TpanhtcX18=

path-parse@^1.0.6:
  version "1.0.6"
  resolved "https://registry.yarnpkg.com/path-parse/-/path-parse-1.0.6.tgz#d62dbb5679405d72c4737ec58600e9ddcf06d24c"
  integrity sha512-GSmOT2EbHrINBf9SR7CDELwlJ8AENk3Qn7OikK4nFYAu3Ote2+JYNVvkpAEQm3/TLNEJFD/xZJjzyxg3KBWOzw==

picomatch@^2.0.5:
  version "2.2.2"
  resolved "https://registry.yarnpkg.com/picomatch/-/picomatch-2.2.2.tgz#21f333e9b6b8eaff02468f5146ea406d345f4dad"
  integrity sha512-q0M/9eZHzmr0AulXyPwNfZjtwZ/RBZlbN3K3CErVrk50T2ASYI7Bye0EvekFY3IP1Nt2DHu0re+V2ZHIpMkuWg==

pify@^4.0.0, pify@^4.0.1:
  version "4.0.1"
  resolved "https://registry.yarnpkg.com/pify/-/pify-4.0.1.tgz#4b2cd25c50d598735c50292224fd8c6df41e3231"
  integrity sha512-uB80kBFb/tfd68bVleG9T5GGsGPjJrLAUpR5PZIrhBnIaRTQRjqdJSsIKkOP6OAIFbj7GOrcudc5pNjZ+geV2g==

pluralize@^8.0.0:
  version "8.0.0"
  resolved "https://registry.yarnpkg.com/pluralize/-/pluralize-8.0.0.tgz#1a6fa16a38d12a1901e0320fa017051c539ce3b1"
  integrity sha512-Nc3IT5yHzflTfbjgqWcCPpo7DaKy4FnpB0l/zCAW0Tc7jxAiuqSxHasntB3D7887LSrA93kDJ9IXovxJYxyLCA==

postcss-values-parser@^1.5.0:
  version "1.5.0"
  resolved "https://registry.yarnpkg.com/postcss-values-parser/-/postcss-values-parser-1.5.0.tgz#5d9fa63e2bcb0179ce48f3235303765eb89f3047"
  integrity sha512-3M3p+2gMp0AH3da530TlX8kiO1nxdTnc3C6vr8dMxRLIlh8UYkz0/wcwptSXjhtx2Fr0TySI7a+BHDQ8NL7LaQ==
  dependencies:
    flatten "^1.0.2"
    indexes-of "^1.0.1"
    uniq "^1.0.1"

postcss@^7.0.2:
  version "7.0.27"
  resolved "https://registry.yarnpkg.com/postcss/-/postcss-7.0.27.tgz#cc67cdc6b0daa375105b7c424a85567345fc54d9"
  integrity sha512-WuQETPMcW9Uf1/22HWUWP9lgsIC+KEHg2kozMflKjbeUtw9ujvFX6QmIfozaErDkmLWS9WEnEdEe6Uo9/BNTdQ==
  dependencies:
    chalk "^2.4.2"
    source-map "^0.6.1"
    supports-color "^6.1.0"

precinct@^6.2.0:
  version "6.2.0"
  resolved "https://registry.yarnpkg.com/precinct/-/precinct-6.2.0.tgz#1755c369316d58ffeed2332a31442d5498f3cc33"
  integrity sha512-BCAmnOxZzobF3H1/h/gq70pEyvX/BVLWCrzi8beFD22dqu5Z14qOghNUsI24Wg8oaTsGFcIjOGtFX5L9ttmjVg==
  dependencies:
    commander "^2.19.0"
    debug "^4.1.1"
    detective-amd "^3.0.0"
    detective-cjs "^3.1.1"
    detective-es6 "^2.0.0"
    detective-less "^1.0.2"
    detective-postcss "^3.0.0"
    detective-sass "^3.0.0"
    detective-scss "^2.0.0"
    detective-stylus "^1.0.0"
    detective-typescript "^5.1.1"
    module-definition "^3.3.0"
    node-source-walk "^4.2.0"

prelude-ls@~1.1.2:
  version "1.1.2"
  resolved "https://registry.yarnpkg.com/prelude-ls/-/prelude-ls-1.1.2.tgz#21932a549f5e52ffd9a827f570e04be62a97da54"
  integrity sha1-IZMqVJ9eUv/ZqCf1cOBL5iqX2lQ=

pretty-ms@^5.0.0:
  version "5.1.0"
  resolved "https://registry.yarnpkg.com/pretty-ms/-/pretty-ms-5.1.0.tgz#b906bdd1ec9e9799995c372e2b1c34f073f95384"
  integrity sha512-4gaK1skD2gwscCfkswYQRmddUb2GJZtzDGRjHWadVHtK/DIKFufa12MvES6/xu1tVbUYeia5bmLcwJtZJQUqnw==
  dependencies:
    parse-ms "^2.1.0"

process-nextick-args@~2.0.0:
  version "2.0.1"
  resolved "https://registry.yarnpkg.com/process-nextick-args/-/process-nextick-args-2.0.1.tgz#7820d9b16120cc55ca9ae7792680ae7dba6d7fe2"
  integrity sha512-3ouUOpQhtgrbOa17J7+uxOTpITYWaGP7/AhoR3+A+/1e9skrzelGi/dXzEYyvbxubEF6Wn2ypscTKiKJFFn1ag==

prr@~1.0.1:
  version "1.0.1"
  resolved "https://registry.yarnpkg.com/prr/-/prr-1.0.1.tgz#d3fc114ba06995a45ec6893f484ceb1d78f5f476"
  integrity sha1-0/wRS6BplaRexok/SEzrHXj19HY=

rc@^1.2.7:
  version "1.2.8"
  resolved "https://registry.yarnpkg.com/rc/-/rc-1.2.8.tgz#cd924bf5200a075b83c188cd6b9e211b7fc0d3ed"
  integrity sha512-y3bGgqKj3QBdxLbLkomlohkvsA8gdAiUQlSBJnBhfn+BPxg4bc62d8TcBW15wavDfgexCgccckhcZvywyQYPOw==
  dependencies:
    deep-extend "^0.6.0"
    ini "~1.3.0"
    minimist "^1.2.0"
    strip-json-comments "~2.0.1"

readable-stream@^2.0.1:
  version "2.3.7"
  resolved "https://registry.yarnpkg.com/readable-stream/-/readable-stream-2.3.7.tgz#1eca1cf711aef814c04f62252a36a62f6cb23b57"
  integrity sha512-Ebho8K4jIbHAxnuxi7o42OrZgF/ZTNcsZj6nRKyUmkhLFq8CHItp/fy6hQZuZmP/n3yZ9VBUbp4zz/mX8hmYPw==
  dependencies:
    core-util-is "~1.0.0"
    inherits "~2.0.3"
    isarray "~1.0.0"
    process-nextick-args "~2.0.0"
    safe-buffer "~5.1.1"
    string_decoder "~1.1.1"
    util-deprecate "~1.0.1"

requirejs-config-file@^3.1.1:
  version "3.1.2"
  resolved "https://registry.yarnpkg.com/requirejs-config-file/-/requirejs-config-file-3.1.2.tgz#de8c0b3eebdf243511c994a8a24b006f8b825997"
  integrity sha512-sdLWywcDuNz7EIOhenSbRfT4YF84nItDv90coN2htbokjmU2QeyQuSBZILQUKNksepl8UPVU+hgYySFaDxbJPQ==
  dependencies:
    esprima "^4.0.0"
    make-dir "^2.1.0"
    stringify-object "^3.2.1"

requirejs@^2.3.5:
  version "2.3.6"
  resolved "https://registry.yarnpkg.com/requirejs/-/requirejs-2.3.6.tgz#e5093d9601c2829251258c0b9445d4d19fa9e7c9"
  integrity sha512-ipEzlWQe6RK3jkzikgCupiTbTvm4S0/CAU5GlgptkN5SO6F3u0UD0K18wy6ErDqiCyP4J4YYe1HuAShvsxePLg==

resolve-dependency-path@^2.0.0:
  version "2.0.0"
  resolved "https://registry.yarnpkg.com/resolve-dependency-path/-/resolve-dependency-path-2.0.0.tgz#11700e340717b865d216c66cabeb4a2a3c696736"
  integrity sha512-DIgu+0Dv+6v2XwRaNWnumKu7GPufBBOr5I1gRPJHkvghrfCGOooJODFvgFimX/KRxk9j0whD2MnKHzM1jYvk9w==

resolve@^1.11.1:
  version "1.16.0"
  resolved "https://registry.yarnpkg.com/resolve/-/resolve-1.16.0.tgz#063dc704fa3413e13ac1d0d1756a7cbfe95dd1a7"
  integrity sha512-LarL/PIKJvc09k1jaeT4kQb/8/7P+qV4qSnN2K80AES+OHdfZELAKVOBjxsvtToT/uLOfFbvYvKfZmV8cee7nA==
  dependencies:
    path-parse "^1.0.6"

restore-cursor@^3.1.0:
  version "3.1.0"
  resolved "https://registry.yarnpkg.com/restore-cursor/-/restore-cursor-3.1.0.tgz#39f67c54b3a7a58cea5236d95cf0034239631f7e"
  integrity sha512-l+sSefzHpj5qimhFSE5a8nufZYAM3sBSVMAPtYkmC+4EH2anSGaEMXSD0izRQbu9nfyQ9y5JrVmp7E8oZrUjvA==
  dependencies:
    onetime "^5.1.0"
    signal-exit "^3.0.2"

safe-buffer@~5.1.0, safe-buffer@~5.1.1:
  version "5.1.2"
  resolved "https://registry.yarnpkg.com/safe-buffer/-/safe-buffer-5.1.2.tgz#991ec69d296e0313747d59bdfd2b745c35f8828d"
  integrity sha512-Gd2UZBJDkXlY7GbJxfsE8/nvKkUEU1G38c1siN6QP6a9PT9MmHB8GnpscSmMJSoF8LOIrt8ud/wPtojys4G6+g==

sass-lookup@^3.0.0:
  version "3.0.0"
  resolved "https://registry.yarnpkg.com/sass-lookup/-/sass-lookup-3.0.0.tgz#3b395fa40569738ce857bc258e04df2617c48cac"
  integrity sha512-TTsus8CfFRn1N44bvdEai1no6PqdmDiQUiqW5DlpmtT+tYnIt1tXtDIph5KA1efC+LmioJXSnCtUVpcK9gaKIg==
  dependencies:
    commander "^2.16.0"

semver@^5.6.0:
  version "5.7.1"
  resolved "https://registry.yarnpkg.com/semver/-/semver-5.7.1.tgz#a954f931aeba508d307bbf069eff0c01c96116f7"
  integrity sha512-sauaDf/PZdVgrLTNYHRtpXa1iRiKcaebiKQ1BJdpQlWH2lCvexQdX55snPFyK7QzpudqbCI0qXFfOasHdyNDGQ==

semver@^6.0.0, semver@^6.3.0:
  version "6.3.0"
  resolved "https://registry.yarnpkg.com/semver/-/semver-6.3.0.tgz#ee0a64c8af5e8ceea67687b133761e1becbd1d3d"
  integrity sha512-b39TBaTSfV6yBrapU89p5fKekE2m/NwnDocOVruQFS1/veMgdzuPcnOM34M6CwxW8jH/lxEa5rBoDeUwu5HHTw==

signal-exit@^3.0.2:
  version "3.0.3"
  resolved "https://registry.yarnpkg.com/signal-exit/-/signal-exit-3.0.3.tgz#a1410c2edd8f077b08b4e253c8eacfcaf057461c"
  integrity sha512-VUJ49FC8U1OxwZLxIbTTrDvLnf/6TDgxZcK8wxR8zs13xpx7xbG60ndBlhNrFi2EMuFRoeDoJO7wthSLq42EjA==

source-map@^0.6.1, source-map@~0.6.1:
  version "0.6.1"
  resolved "https://registry.yarnpkg.com/source-map/-/source-map-0.6.1.tgz#74722af32e9614e9c287a8d0bbde48b5e2f1a263"
  integrity sha512-UjgapumWlbMhkBgzT7Ykc5YXUT46F0iKu8SGXq0bcwP5dz/h0Plj6enJqjz1Zbq2l5WaqYnrVbwWOWMyF3F47g==

string_decoder@~1.1.1:
  version "1.1.1"
  resolved "https://registry.yarnpkg.com/string_decoder/-/string_decoder-1.1.1.tgz#9cf1611ba62685d7030ae9e4ba34149c3af03fc8"
  integrity sha512-n/ShnvDi6FHbbVfviro+WojiFzv+s8MPMHBczVePfUpDJLwoLT0ht1l4YwBCbi8pJAveEEdnkHyPyTP/mzRfwg==
  dependencies:
    safe-buffer "~5.1.0"

stringify-object@^3.2.1:
  version "3.3.0"
  resolved "https://registry.yarnpkg.com/stringify-object/-/stringify-object-3.3.0.tgz#703065aefca19300d3ce88af4f5b3956d7556629"
  integrity sha512-rHqiFh1elqCQ9WPLIC8I0Q/g/wj5J1eMkyoiD6eoQApWHP0FtlK7rqnhmabL5VUY9JQCcqwwvlOaSuutekgyrw==
  dependencies:
    get-own-enumerable-property-symbols "^3.0.0"
    is-obj "^1.0.1"
    is-regexp "^1.0.0"

strip-ansi@^6.0.0:
  version "6.0.0"
  resolved "https://registry.yarnpkg.com/strip-ansi/-/strip-ansi-6.0.0.tgz#0b1571dd7669ccd4f3e06e14ef1eed26225ae532"
  integrity sha512-AuvKTrTfQNYNIctbR1K/YGTR1756GycPsg7b9bdV9Duqur4gv6aKqHXah67Z8ImS7WEz5QVcOtlfW2rZEugt6w==
  dependencies:
    ansi-regex "^5.0.0"

strip-json-comments@~2.0.1:
  version "2.0.1"
  resolved "https://registry.yarnpkg.com/strip-json-comments/-/strip-json-comments-2.0.1.tgz#3c531942e908c2697c0ec344858c286c7ca0a60a"
  integrity sha1-PFMZQukIwml8DsNEhYwobHygpgo=

stylus-lookup@^3.0.1:
  version "3.0.2"
  resolved "https://registry.yarnpkg.com/stylus-lookup/-/stylus-lookup-3.0.2.tgz#c9eca3ff799691020f30b382260a67355fefdddd"
  integrity sha512-oEQGHSjg/AMaWlKe7gqsnYzan8DLcGIHe0dUaFkucZZ14z4zjENRlQMCHT4FNsiWnJf17YN9OvrCfCoi7VvOyg==
  dependencies:
    commander "^2.8.1"
    debug "^4.1.0"

supports-color@^5.3.0:
  version "5.5.0"
  resolved "https://registry.yarnpkg.com/supports-color/-/supports-color-5.5.0.tgz#e2e69a44ac8772f78a1ec0b35b689df6530efc8f"
  integrity sha512-QjVjwdXIt408MIiAqCX4oUKsgU2EqAGzs2Ppkm4aQYbjm+ZEWEcW4SfFNTr4uMNZma0ey4f5lgLrkB0aX0QMow==
  dependencies:
    has-flag "^3.0.0"

supports-color@^6.1.0:
  version "6.1.0"
  resolved "https://registry.yarnpkg.com/supports-color/-/supports-color-6.1.0.tgz#0764abc69c63d5ac842dd4867e8d025e880df8f3"
  integrity sha512-qe1jfm1Mg7Nq/NSh6XE24gPXROEVsWHxC1LIx//XNlD9iw7YZQGjZNjYN7xGaEG6iKdA8EtNFW6R0gjnVXp+wQ==
  dependencies:
    has-flag "^3.0.0"

supports-color@^7.1.0:
  version "7.1.0"
  resolved "https://registry.yarnpkg.com/supports-color/-/supports-color-7.1.0.tgz#68e32591df73e25ad1c4b49108a2ec507962bfd1"
  integrity sha512-oRSIpR8pxT1Wr2FquTNnGet79b3BWljqOuoW/h4oBhxJ/HUbX5nX6JSruTkvXDCFMwDPvsaTTbvMLKZWSy0R5g==
  dependencies:
    has-flag "^4.0.0"

tapable@^1.0.0:
  version "1.1.3"
  resolved "https://registry.yarnpkg.com/tapable/-/tapable-1.1.3.tgz#a1fccc06b58db61fd7a45da2da44f5f3a3e67ba2"
  integrity sha512-4WK/bYZmj8xLr+HUCODHGF1ZFzsYffasLUgEiMBY4fgtltdO6B4WJtlSbPaDTLpYTcGVwM2qLnFTICEcNxs3kA==

temp@~0.4.0:
  version "0.4.0"
  resolved "https://registry.yarnpkg.com/temp/-/temp-0.4.0.tgz#671ad63d57be0fe9d7294664b3fc400636678a60"
  integrity sha1-ZxrWPVe+D+nXKUZks/xABjZnimA=

to-regex-range@^5.0.1:
  version "5.0.1"
  resolved "https://registry.yarnpkg.com/to-regex-range/-/to-regex-range-5.0.1.tgz#1648c44aae7c8d988a326018ed72f5b4dd0392e4"
  integrity sha512-65P7iz6X5yEr1cwcgvQxbbIw7Uk3gOy5dIdtZ4rDveLqhrdJP+Li/Hx6tyK0NEb+2GCyneCMJiGqrADCSNk8sQ==
  dependencies:
    is-number "^7.0.0"

traverse-chain@~0.1.0:
  version "0.1.0"
  resolved "https://registry.yarnpkg.com/traverse-chain/-/traverse-chain-0.1.0.tgz#61dbc2d53b69ff6091a12a168fd7d433107e40f1"
  integrity sha1-YdvC1Ttp/2CRoSoWj9fUMxB+QPE=

ts-loader@^7.0.0:
  version "7.0.0"
  resolved "https://registry.yarnpkg.com/ts-loader/-/ts-loader-7.0.0.tgz#7c74dfa8956e3e33b91d98d4ed7b6f7575c35c25"
  integrity sha512-qq9iPK235Xf/uPS1I72CIwB8qpbW0rys3entnXO+rIo2km50lMmeHKCNn1m047W6Sk4kceF6n5NWEnq/V8xdYQ==
  dependencies:
    chalk "^2.3.0"
    enhanced-resolve "^4.0.0"
    loader-utils "^1.0.2"
    micromatch "^4.0.0"
    semver "^6.0.0"

tslib@^1.8.1:
  version "1.11.1"
  resolved "https://registry.yarnpkg.com/tslib/-/tslib-1.11.1.tgz#eb15d128827fbee2841549e171f45ed338ac7e35"
  integrity sha512-aZW88SY8kQbU7gpV19lN24LtXh/yD4ZZg6qieAJDDg+YBsJcSmLGK9QpnUjAKVG/xefmvJGd1WUmfpT/g6AJGA==

tsutils@^3.17.1:
  version "3.17.1"
  resolved "https://registry.yarnpkg.com/tsutils/-/tsutils-3.17.1.tgz#ed719917f11ca0dee586272b2ac49e015a2dd759"
  integrity sha512-kzeQ5B8H3w60nFY2g8cJIuH7JDpsALXySGtwGJ0p2LSjLgay3NdIpqq5SoOBe46bKDW2iq25irHCr8wjomUS2g==
  dependencies:
    tslib "^1.8.1"

type-check@~0.3.2:
  version "0.3.2"
  resolved "https://registry.yarnpkg.com/type-check/-/type-check-0.3.2.tgz#5884cab512cf1d355e3fb784f30804b2b520db72"
  integrity sha1-WITKtRLPHTVeP7eE8wgEsrUg23I=
  dependencies:
    prelude-ls "~1.1.2"

typescript@^3.0.3, typescript@^3.6.4, typescript@^3.7.5, typescript@^3.8.3:
  version "3.8.3"
  resolved "https://registry.yarnpkg.com/typescript/-/typescript-3.8.3.tgz#409eb8544ea0335711205869ec458ab109ee1061"
  integrity sha512-MYlEfn5VrLNsgudQTVJeNaQFUAI7DkhnOjdpAp4T+ku1TfQClewlbSuTVHiA+8skNBgaf02TL/kLOvig4y3G8w==

uniq@^1.0.1:
  version "1.0.1"
  resolved "https://registry.yarnpkg.com/uniq/-/uniq-1.0.1.tgz#b31c5ae8254844a3a8281541ce2b04b865a734ff"
  integrity sha1-sxxa6CVIRKOoKBVBzisEuGWnNP8=

util-deprecate@~1.0.1:
  version "1.0.2"
  resolved "https://registry.yarnpkg.com/util-deprecate/-/util-deprecate-1.0.2.tgz#450d4dc9fa70de732762fbd2d4a28981419a0ccf"
  integrity sha1-RQ1Nyfpw3nMnYvvS1KKJgUGaDM8=

walkdir@^0.4.1:
  version "0.4.1"
  resolved "https://registry.yarnpkg.com/walkdir/-/walkdir-0.4.1.tgz#dc119f83f4421df52e3061e514228a2db20afa39"
  integrity sha512-3eBwRyEln6E1MSzcxcVpQIhRG8Q1jLvEqRmCZqS3dsfXEDR/AhOF4d+jHg1qvDCpYaVRZjENPQyrVxAkQqxPgQ==

wcwidth@^1.0.1:
  version "1.0.1"
  resolved "https://registry.yarnpkg.com/wcwidth/-/wcwidth-1.0.1.tgz#f0b0dcf915bc5ff1528afadb2c0e17b532da2fe8"
  integrity sha1-8LDc+RW8X/FSivrbLA4XtTLaL+g=
  dependencies:
    defaults "^1.0.3"

word-wrap@~1.2.3:
  version "1.2.3"
  resolved "https://registry.yarnpkg.com/word-wrap/-/word-wrap-1.2.3.tgz#610636f6b1f703891bd34771ccb17fb93b47079c"
  integrity sha512-Hz/mrNwitNRh/HUAtM/VT/5VH+ygD6DV7mYKZAtHOrbs8U7lvPS6xf7EJKMF0uW1KJCl0H701g3ZGus+muE5vQ==

wrappy@1:
  version "1.0.2"
  resolved "https://registry.yarnpkg.com/wrappy/-/wrappy-1.0.2.tgz#b5243d8f3ec1aa35f1364605bc0d1036e30ab69f"
  integrity sha1-tSQ9jz7BqjXxNkYFvA0QNuMKtp8=
